
Microsoft Visual Studio Solution File, Format Version 12.00
# Visual Studio Version 17
VisualStudioVersion = 17.0.32002.185
MinimumVisualStudioVersion = 10.0.40219.1
Project("{FAE04EC0-301F-11D3-BF4B-00C04F79EFBC}") = "SW_Atribute_shablon", "SW_Atribute_shablon\SW_Atribute_shablon.csproj", "{8D235048-70D4-4C8F-8561-25D44C60E1D0}"
EndProject
Global
	GlobalSection(SolutionConfigurationPlatforms) = preSolution
		Debug|Any CPU = Debug|Any CPU
		Release|Any CPU = Release|Any CPU
	EndGlobalSection
	GlobalSection(ProjectConfigurationPlatforms) = postSolution
		{8D235048-70D4-4C8F-8561-25D44C60E1D0}.Debug|Any CPU.ActiveCfg = Debug|Any CPU
		{8D235048-70D4-4C8F-8561-25D44C60E1D0}.Debug|Any CPU.Build.0 = Debug|Any CPU
		{8D235048-70D4-4C8F-8561-25D44C60E1D0}.Release|Any CPU.ActiveCfg = Release|Any CPU
		{8D235048-70D4-4C8F-8561-25D44C60E1D0}.Release|Any CPU.Build.0 = Release|Any CPU
	EndGlobalSection
	GlobalSection(SolutionProperties) = preSolution
		HideSolutionNode = FALSE
	EndGlobalSection
	GlobalSection(ExtensibilityGlobals) = postSolution
		SolutionGuid = {35142DCA-7C34-4EB7-AEF9-E164AAE41E40}
	EndGlobalSection
EndGlobal
